
Microsoft Visual Studio Solution File, Format Version 12.00
# Visual Studio 15
VisualStudioVersion = 15.0.26430.12
MinimumVisualStudioVersion = 10.0.40219.1
Project("{FAE04EC0-301F-11D3-BF4B-00C04F79EFBC}") = "UdlaanSystem", "UdlaanSystem\UdlaanSystem.csproj", "{8B0FE9B7-C8FF-40CE-BD07-E449AE363927}"
EndProject
Project("{54435603-DBB4-11D2-8724-00A0C9A8B90C}") = "SetupUdlaanSystem", "SetupUdlaanSystem\SetupUdlaanSystem.vdproj", "{0EB87B57-B8E5-4BDD-BDDF-043F69B67A38}"
EndProject
Global
	GlobalSection(SolutionConfigurationPlatforms) = preSolution
		Debug|Any CPU = Debug|Any CPU
		Release|Any CPU = Release|Any CPU
	EndGlobalSection
	GlobalSection(ProjectConfigurationPlatforms) = postSolution
		{8B0FE9B7-C8FF-40CE-BD07-E449AE363927}.Debug|Any CPU.ActiveCfg = Release|Any CPU
		{8B0FE9B7-C8FF-40CE-BD07-E449AE363927}.Debug|Any CPU.Build.0 = Release|Any CPU
		{8B0FE9B7-C8FF-40CE-BD07-E449AE363927}.Release|Any CPU.ActiveCfg = Release|Any CPU
		{8B0FE9B7-C8FF-40CE-BD07-E449AE363927}.Release|Any CPU.Build.0 = Release|Any CPU
		{0EB87B57-B8E5-4BDD-BDDF-043F69B67A38}.Debug|Any CPU.ActiveCfg = Release
		{0EB87B57-B8E5-4BDD-BDDF-043F69B67A38}.Debug|Any CPU.Build.0 = Release
		{0EB87B57-B8E5-4BDD-BDDF-043F69B67A38}.Release|Any CPU.ActiveCfg = Release
	EndGlobalSection
	GlobalSection(SolutionProperties) = preSolution
		HideSolutionNode = FALSE
	EndGlobalSection
EndGlobal
